
Microsoft Visual Studio Solution File, Format Version 12.00
# Visual Studio Version 17
VisualStudioVersion = 17.13.35931.197 d17.13
MinimumVisualStudioVersion = 10.0.40219.1
Project("{FAE04EC0-301F-11D3-BF4B-00C04F79EFBC}") = "forPratik", "forPratik\forPratik.csproj", "{5732FB06-7E48-47A7-B986-B45AA14F69A7}"
EndProject
Global
	GlobalSection(SolutionConfigurationPlatforms) = preSolution
		Debug|Any CPU = Debug|Any CPU
		Release|Any CPU = Release|Any CPU
	EndGlobalSection
	GlobalSection(ProjectConfigurationPlatforms) = postSolution
		{5732FB06-7E48-47A7-B986-B45AA14F69A7}.Debug|Any CPU.ActiveCfg = Debug|Any CPU
		{5732FB06-7E48-47A7-B986-B45AA14F69A7}.Debug|Any CPU.Build.0 = Debug|Any CPU
		{5732FB06-7E48-47A7-B986-B45AA14F69A7}.Release|Any CPU.ActiveCfg = Release|Any CPU
		{5732FB06-7E48-47A7-B986-B45AA14F69A7}.Release|Any CPU.Build.0 = Release|Any CPU
	EndGlobalSection
	GlobalSection(SolutionProperties) = preSolution
		HideSolutionNode = FALSE
	EndGlobalSection
	GlobalSection(ExtensibilityGlobals) = postSolution
		SolutionGuid = {8456DE3A-A558-45BC-A582-5015A05214B6}
	EndGlobalSection
EndGlobal
